
Microsoft Visual Studio Solution File, Format Version 12.00
# Visual Studio Version 16
VisualStudioVersion = 16.0.29123.88
MinimumVisualStudioVersion = 10.0.40219.1
Project("{8BC9CEB8-8B4A-11D0-8D11-00A0C91BC942}") = "不知道写什么先随便来一个吧", "不知道写什么先随便来一个吧\不知道写什么先随便来一个吧.vcxproj", "{728B7194-81A6-47D9-806F-2D8BED78A935}"
EndProject
Global
	GlobalSection(SolutionConfigurationPlatforms) = preSolution
		Debug|x64 = Debug|x64
		Debug|x86 = Debug|x86
		Release|x64 = Release|x64
		Release|x86 = Release|x86
	EndGlobalSection
	GlobalSection(ProjectConfigurationPlatforms) = postSolution
		{728B7194-81A6-47D9-806F-2D8BED78A935}.Debug|x64.ActiveCfg = Debug|x64
		{728B7194-81A6-47D9-806F-2D8BED78A935}.Debug|x64.Build.0 = Debug|x64
		{728B7194-81A6-47D9-806F-2D8BED78A935}.Debug|x86.ActiveCfg = Debug|Win32
		{728B7194-81A6-47D9-806F-2D8BED78A935}.Debug|x86.Build.0 = Debug|Win32
		{728B7194-81A6-47D9-806F-2D8BED78A935}.Release|x64.ActiveCfg = Release|x64
		{728B7194-81A6-47D9-806F-2D8BED78A935}.Release|x64.Build.0 = Release|x64
		{728B7194-81A6-47D9-806F-2D8BED78A935}.Release|x86.ActiveCfg = Release|Win32
		{728B7194-81A6-47D9-806F-2D8BED78A935}.Release|x86.Build.0 = Release|Win32
	EndGlobalSection
	GlobalSection(SolutionProperties) = preSolution
		HideSolutionNode = FALSE
	EndGlobalSection
	GlobalSection(ExtensibilityGlobals) = postSolution
		SolutionGuid = {08BA78B7-F973-41B0-B5AD-7B69B2BD826C}
	EndGlobalSection
EndGlobal
